
Microsoft Visual Studio Solution File, Format Version 12.00
# Visual Studio 15
VisualStudioVersion = 15.0.33026.149
MinimumVisualStudioVersion = 10.0.40219.1
Project("{FAE04EC0-301F-11D3-BF4B-00C04F79EFBC}") = "MP15", "MP15\MP15.csproj", "{271057D1-511D-4FAF-9452-DD68546D3D09}"
EndProject
Global
	GlobalSection(SolutionConfigurationPlatforms) = preSolution
		Debug|Any CPU = Debug|Any CPU
		Release|Any CPU = Release|Any CPU
	EndGlobalSection
	GlobalSection(ProjectConfigurationPlatforms) = postSolution
		{271057D1-511D-4FAF-9452-DD68546D3D09}.Debug|Any CPU.ActiveCfg = Debug|Any CPU
		{271057D1-511D-4FAF-9452-DD68546D3D09}.Debug|Any CPU.Build.0 = Debug|Any CPU
		{271057D1-511D-4FAF-9452-DD68546D3D09}.Release|Any CPU.ActiveCfg = Release|Any CPU
		{271057D1-511D-4FAF-9452-DD68546D3D09}.Release|Any CPU.Build.0 = Release|Any CPU
	EndGlobalSection
	GlobalSection(SolutionProperties) = preSolution
		HideSolutionNode = FALSE
	EndGlobalSection
	GlobalSection(ExtensibilityGlobals) = postSolution
		SolutionGuid = {331E1F8F-5B67-435A-8177-786C24A74E2D}
	EndGlobalSection
EndGlobal
