
Microsoft Visual Studio Solution File, Format Version 12.00
# Visual Studio 15
VisualStudioVersion = 15.0.33026.149
MinimumVisualStudioVersion = 10.0.40219.1
Project("{FAE04EC0-301F-11D3-BF4B-00C04F79EFBC}") = "MP9", "MP9\MP9.csproj", "{E1EE00F1-E901-42D7-AEAF-2ACB091B3C83}"
EndProject
Global
	GlobalSection(SolutionConfigurationPlatforms) = preSolution
		Debug|Any CPU = Debug|Any CPU
		Release|Any CPU = Release|Any CPU
	EndGlobalSection
	GlobalSection(ProjectConfigurationPlatforms) = postSolution
		{E1EE00F1-E901-42D7-AEAF-2ACB091B3C83}.Debug|Any CPU.ActiveCfg = Debug|Any CPU
		{E1EE00F1-E901-42D7-AEAF-2ACB091B3C83}.Debug|Any CPU.Build.0 = Debug|Any CPU
		{E1EE00F1-E901-42D7-AEAF-2ACB091B3C83}.Release|Any CPU.ActiveCfg = Release|Any CPU
		{E1EE00F1-E901-42D7-AEAF-2ACB091B3C83}.Release|Any CPU.Build.0 = Release|Any CPU
	EndGlobalSection
	GlobalSection(SolutionProperties) = preSolution
		HideSolutionNode = FALSE
	EndGlobalSection
	GlobalSection(ExtensibilityGlobals) = postSolution
		SolutionGuid = {25C21A7B-2525-4E59-AD16-F5E59625E46D}
	EndGlobalSection
EndGlobal
