
Microsoft Visual Studio Solution File, Format Version 12.00
# Visual Studio 15
VisualStudioVersion = 15.0.33026.149
MinimumVisualStudioVersion = 10.0.40219.1
Project("{FAE04EC0-301F-11D3-BF4B-00C04F79EFBC}") = "MP3", "MP3\MP3.csproj", "{6AEC640B-E563-4444-AF61-76DD098B6EBE}"
EndProject
Global
	GlobalSection(SolutionConfigurationPlatforms) = preSolution
		Debug|Any CPU = Debug|Any CPU
		Release|Any CPU = Release|Any CPU
	EndGlobalSection
	GlobalSection(ProjectConfigurationPlatforms) = postSolution
		{6AEC640B-E563-4444-AF61-76DD098B6EBE}.Debug|Any CPU.ActiveCfg = Debug|Any CPU
		{6AEC640B-E563-4444-AF61-76DD098B6EBE}.Debug|Any CPU.Build.0 = Debug|Any CPU
		{6AEC640B-E563-4444-AF61-76DD098B6EBE}.Release|Any CPU.ActiveCfg = Release|Any CPU
		{6AEC640B-E563-4444-AF61-76DD098B6EBE}.Release|Any CPU.Build.0 = Release|Any CPU
	EndGlobalSection
	GlobalSection(SolutionProperties) = preSolution
		HideSolutionNode = FALSE
	EndGlobalSection
	GlobalSection(ExtensibilityGlobals) = postSolution
		SolutionGuid = {5F2C91DB-930D-46E1-8F5F-9C251E20A388}
	EndGlobalSection
EndGlobal
